
Microsoft Visual Studio Solution File, Format Version 12.00
# Visual Studio Version 17
VisualStudioVersion = 17.13.35919.96 d17.13
MinimumVisualStudioVersion = 10.0.40219.1
Project("{FAE04EC0-301F-11D3-BF4B-00C04F79EFBC}") = "ImageViewer", "ImageViewer.csproj", "{92621BB8-A84E-E60F-793A-F5A321761F5A}"
EndProject
Global
	GlobalSection(SolutionConfigurationPlatforms) = preSolution
		Debug|Any CPU = Debug|Any CPU
		Release|Any CPU = Release|Any CPU
	EndGlobalSection
	GlobalSection(ProjectConfigurationPlatforms) = postSolution
		{92621BB8-A84E-E60F-793A-F5A321761F5A}.Debug|Any CPU.ActiveCfg = Debug|Any CPU
		{92621BB8-A84E-E60F-793A-F5A321761F5A}.Debug|Any CPU.Build.0 = Debug|Any CPU
		{92621BB8-A84E-E60F-793A-F5A321761F5A}.Debug|Any CPU.Deploy.0 = Debug|Any CPU
		{92621BB8-A84E-E60F-793A-F5A321761F5A}.Release|Any CPU.ActiveCfg = Release|Any CPU
		{92621BB8-A84E-E60F-793A-F5A321761F5A}.Release|Any CPU.Build.0 = Release|Any CPU
		{92621BB8-A84E-E60F-793A-F5A321761F5A}.Release|Any CPU.Deploy.0 = Release|Any CPU
	EndGlobalSection
	GlobalSection(SolutionProperties) = preSolution
		HideSolutionNode = FALSE
	EndGlobalSection
	GlobalSection(ExtensibilityGlobals) = postSolution
		SolutionGuid = {D48A9848-9899-4BAD-9E3A-8E7B379BBB15}
	EndGlobalSection
EndGlobal
